
Microsoft Visual Studio Solution File, Format Version 12.00
# Visual Studio Version 16
VisualStudioVersion = 16.0.30907.101
MinimumVisualStudioVersion = 10.0.40219.1
Project("{FAE04EC0-301F-11D3-BF4B-00C04F79EFBC}") = "Generics", "Generics\Generics.csproj", "{A59FFED7-105D-4F6C-990C-A821EE4C46CD}"
EndProject
Global
	GlobalSection(SolutionConfigurationPlatforms) = preSolution
		Debug|Any CPU = Debug|Any CPU
		Release|Any CPU = Release|Any CPU
	EndGlobalSection
	GlobalSection(ProjectConfigurationPlatforms) = postSolution
		{A59FFED7-105D-4F6C-990C-A821EE4C46CD}.Debug|Any CPU.ActiveCfg = Debug|Any CPU
		{A59FFED7-105D-4F6C-990C-A821EE4C46CD}.Debug|Any CPU.Build.0 = Debug|Any CPU
		{A59FFED7-105D-4F6C-990C-A821EE4C46CD}.Release|Any CPU.ActiveCfg = Release|Any CPU
		{A59FFED7-105D-4F6C-990C-A821EE4C46CD}.Release|Any CPU.Build.0 = Release|Any CPU
	EndGlobalSection
	GlobalSection(SolutionProperties) = preSolution
		HideSolutionNode = FALSE
	EndGlobalSection
	GlobalSection(ExtensibilityGlobals) = postSolution
		SolutionGuid = {CD7D8A9A-6286-4C9E-B428-91EA399E81AA}
	EndGlobalSection
EndGlobal
